
Microsoft Visual Studio Solution File, Format Version 12.00
# Visual Studio Version 17
VisualStudioVersion = 17.8.34525.116
MinimumVisualStudioVersion = 10.0.40219.1
Project("{9A19103F-16F7-4668-BE54-9A1E7A4F7556}") = "WebApplication1", "WebApplication1.csproj", "{EC0CB81B-345B-4935-AD03-3169694E993B}"
EndProject
Project("{9A19103F-16F7-4668-BE54-9A1E7A4F7556}") = "StudentManagementService", "..\ClassLibrary1\StudentManagementService.csproj", "{0A1DAF2B-CB39-4FE3-B325-4A6F2501C768}"
EndProject
Project("{9A19103F-16F7-4668-BE54-9A1E7A4F7556}") = "SQLrepository", "..\SQLrepository\SQLrepository.csproj", "{25DDA600-F69C-493B-A054-DE4A7A6F3958}"
EndProject
Project("{9A19103F-16F7-4668-BE54-9A1E7A4F7556}") = "MongoRepository", "..\MongoRepository\MongoRepository.csproj", "{4F940AB0-2F98-4F30-8558-CAC0121E8731}"
EndProject
Project("{FAE04EC0-301F-11D3-BF4B-00C04F79EFBC}") = "Common", "..\Common\Common.csproj", "{979D5609-38FB-4F40-81CF-51CD56944D1A}"
EndProject
Global
	GlobalSection(SolutionConfigurationPlatforms) = preSolution
		Debug|Any CPU = Debug|Any CPU
		Release|Any CPU = Release|Any CPU
	EndGlobalSection
	GlobalSection(ProjectConfigurationPlatforms) = postSolution
		{EC0CB81B-345B-4935-AD03-3169694E993B}.Debug|Any CPU.ActiveCfg = Debug|Any CPU
		{EC0CB81B-345B-4935-AD03-3169694E993B}.Debug|Any CPU.Build.0 = Debug|Any CPU
		{EC0CB81B-345B-4935-AD03-3169694E993B}.Release|Any CPU.ActiveCfg = Release|Any CPU
		{EC0CB81B-345B-4935-AD03-3169694E993B}.Release|Any CPU.Build.0 = Release|Any CPU
		{0A1DAF2B-CB39-4FE3-B325-4A6F2501C768}.Debug|Any CPU.ActiveCfg = Debug|Any CPU
		{0A1DAF2B-CB39-4FE3-B325-4A6F2501C768}.Debug|Any CPU.Build.0 = Debug|Any CPU
		{0A1DAF2B-CB39-4FE3-B325-4A6F2501C768}.Release|Any CPU.ActiveCfg = Release|Any CPU
		{0A1DAF2B-CB39-4FE3-B325-4A6F2501C768}.Release|Any CPU.Build.0 = Release|Any CPU
		{25DDA600-F69C-493B-A054-DE4A7A6F3958}.Debug|Any CPU.ActiveCfg = Debug|Any CPU
		{25DDA600-F69C-493B-A054-DE4A7A6F3958}.Debug|Any CPU.Build.0 = Debug|Any CPU
		{25DDA600-F69C-493B-A054-DE4A7A6F3958}.Release|Any CPU.ActiveCfg = Release|Any CPU
		{25DDA600-F69C-493B-A054-DE4A7A6F3958}.Release|Any CPU.Build.0 = Release|Any CPU
		{4F940AB0-2F98-4F30-8558-CAC0121E8731}.Debug|Any CPU.ActiveCfg = Debug|Any CPU
		{4F940AB0-2F98-4F30-8558-CAC0121E8731}.Debug|Any CPU.Build.0 = Debug|Any CPU
		{4F940AB0-2F98-4F30-8558-CAC0121E8731}.Release|Any CPU.ActiveCfg = Release|Any CPU
		{4F940AB0-2F98-4F30-8558-CAC0121E8731}.Release|Any CPU.Build.0 = Release|Any CPU
		{979D5609-38FB-4F40-81CF-51CD56944D1A}.Debug|Any CPU.ActiveCfg = Debug|Any CPU
		{979D5609-38FB-4F40-81CF-51CD56944D1A}.Debug|Any CPU.Build.0 = Debug|Any CPU
		{979D5609-38FB-4F40-81CF-51CD56944D1A}.Release|Any CPU.ActiveCfg = Release|Any CPU
		{979D5609-38FB-4F40-81CF-51CD56944D1A}.Release|Any CPU.Build.0 = Release|Any CPU
	EndGlobalSection
	GlobalSection(SolutionProperties) = preSolution
		HideSolutionNode = FALSE
	EndGlobalSection
	GlobalSection(ExtensibilityGlobals) = postSolution
		SolutionGuid = {B88C675B-C5AB-4F8C-B302-1EF1AD158658}
	EndGlobalSection
EndGlobal
